
Microsoft Visual Studio Solution File, Format Version 12.00
# Visual Studio Version 17
VisualStudioVersion = 17.5.002.0
MinimumVisualStudioVersion = 10.0.40219.1
Project("{9A19103F-16F7-4668-BE54-9A1E7A4F7556}") = "CharacterCreator", "CharacterCreator.csproj", "{10A440C1-9842-48DA-A46B-20297C9F857B}"
EndProject
Global
	GlobalSection(SolutionConfigurationPlatforms) = preSolution
		Debug|Any CPU = Debug|Any CPU
		Release|Any CPU = Release|Any CPU
	EndGlobalSection
	GlobalSection(ProjectConfigurationPlatforms) = postSolution
		{10A440C1-9842-48DA-A46B-20297C9F857B}.Debug|Any CPU.ActiveCfg = Debug|Any CPU
		{10A440C1-9842-48DA-A46B-20297C9F857B}.Debug|Any CPU.Build.0 = Debug|Any CPU
		{10A440C1-9842-48DA-A46B-20297C9F857B}.Release|Any CPU.ActiveCfg = Release|Any CPU
		{10A440C1-9842-48DA-A46B-20297C9F857B}.Release|Any CPU.Build.0 = Release|Any CPU
	EndGlobalSection
	GlobalSection(SolutionProperties) = preSolution
		HideSolutionNode = FALSE
	EndGlobalSection
	GlobalSection(ExtensibilityGlobals) = postSolution
		SolutionGuid = {7EDC11F3-0608-4E14-9192-2E309527F19E}
	EndGlobalSection
EndGlobal
